Microsoft Visual Studio Solution File, Format Version 12.00
# Visual Studio 2012
Project("{FAE04EC0-301F-11D3-BF4B-00C04F79EFBC}") = "Coroutines", "Coroutines.csproj", "{C1ACAD72-C9F8-4CE8-B70B-7B8FAE976E1C}"
EndProject
Global
	GlobalSection(SolutionConfigurationPlatforms) = preSolution
	Debug|Any CPU = Debug|Any CPU
	ExportDebug|Any CPU = ExportDebug|Any CPU
	ExportRelease|Any CPU = ExportRelease|Any CPU
	EndGlobalSection
	GlobalSection(ProjectConfigurationPlatforms) = postSolution
		{C1ACAD72-C9F8-4CE8-B70B-7B8FAE976E1C}.Debug|Any CPU.ActiveCfg = Debug|Any CPU
		{C1ACAD72-C9F8-4CE8-B70B-7B8FAE976E1C}.Debug|Any CPU.Build.0 = Debug|Any CPU
		{C1ACAD72-C9F8-4CE8-B70B-7B8FAE976E1C}.ExportDebug|Any CPU.ActiveCfg = ExportDebug|Any CPU
		{C1ACAD72-C9F8-4CE8-B70B-7B8FAE976E1C}.ExportDebug|Any CPU.Build.0 = ExportDebug|Any CPU
		{C1ACAD72-C9F8-4CE8-B70B-7B8FAE976E1C}.ExportRelease|Any CPU.ActiveCfg = ExportRelease|Any CPU
		{C1ACAD72-C9F8-4CE8-B70B-7B8FAE976E1C}.ExportRelease|Any CPU.Build.0 = ExportRelease|Any CPU
	EndGlobalSection
EndGlobal
